// !$*UTF8*$!
{
	archiveVersion = 1;
	classes = {
	};
	objectVersion = 50;
	objects = {

/* Begin PBXBuildFile section */
		55B3F2E423F301B900E84136 /* main.swift in Sources */ = {isa = PBXBuildFile; fileRef = 55B3F2E323F301B900E84136 /* main.swift */; };
		55B3F33F23F44B9B00E84136 /* main.swift in Sources */ = {isa = PBXBuildFile; fileRef = 55B3F33E23F44B9B00E84136 /* main.swift */; };
		55B3F34A23F4639E00E84136 /* main.swift in Sources */ = {isa = PBXBuildFile; fileRef = 55B3F34923F4639E00E84136 /* main.swift */; };
		55B3F35623F6949500E84136 /* main.swift in Sources */ = {isa = PBXBuildFile; fileRef = 55B3F35523F6949500E84136 /* main.swift */; };
		55B3F36123F8411B00E84136 /* main.swift in Sources */ = {isa = PBXBuildFile; fileRef = 55B3F36023F8411B00E84136 /* main.swift */; };
		55B3F36C23F9925C00E84136 /* main.swift in Sources */ = {isa = PBXBuildFile; fileRef = 55B3F36B23F9925C00E84136 /* main.swift */; };
/* End PBXBuildFile section */

/* Begin PBXCopyFilesBuildPhase section */
		55B3F2DE23F301B900E84136 /* CopyFiles */ = {
			isa = PBXCopyFilesBuildPhase;
			buildActionMask = 2147483647;
			dstPath = /usr/share/man/man1/;
			dstSubfolderSpec = 0;
			files = (
			);
			runOnlyForDeploymentPostprocessing = 1;
		};
		55B3F33A23F44B9B00E84136 /* CopyFiles */ = {
			isa = PBXCopyFilesBuildPhase;
			buildActionMask = 2147483647;
			dstPath = /usr/share/man/man1/;
			dstSubfolderSpec = 0;
			files = (
			);
			runOnlyForDeploymentPostprocessing = 1;
		};
		55B3F34523F4639E00E84136 /* CopyFiles */ = {
			isa = PBXCopyFilesBuildPhase;
			buildActionMask = 2147483647;
			dstPath = /usr/share/man/man1/;
			dstSubfolderSpec = 0;
			files = (
			);
			runOnlyForDeploymentPostprocessing = 1;
		};
		55B3F35123F6949500E84136 /* CopyFiles */ = {
			isa = PBXCopyFilesBuildPhase;
			buildActionMask = 2147483647;
			dstPath = /usr/share/man/man1/;
			dstSubfolderSpec = 0;
			files = (
			);
			runOnlyForDeploymentPostprocessing = 1;
		};
		55B3F35C23F8411B00E84136 /* CopyFiles */ = {
			isa = PBXCopyFilesBuildPhase;
			buildActionMask = 2147483647;
			dstPath = /usr/share/man/man1/;
			dstSubfolderSpec = 0;
			files = (
			);
			runOnlyForDeploymentPostprocessing = 1;
		};
		55B3F36723F9925C00E84136 /* CopyFiles */ = {
			isa = PBXCopyFilesBuildPhase;
			buildActionMask = 2147483647;
			dstPath = /usr/share/man/man1/;
			dstSubfolderSpec = 0;
			files = (
			);
			runOnlyForDeploymentPostprocessing = 1;
		};
/* End PBXCopyFilesBuildPhase section */

/* Begin PBXFileReference section */
		55B3F2E023F301B900E84136 /* lee */ = {isa = PBXFileReference; explicitFileType = "compiled.mach-o.executable"; includeInIndex = 0; path = lee; sourceTree = BUILT_PRODUCTS_DIR; };
		55B3F2E323F301B900E84136 /* main.swift */ = {isa = PBXFileReference; lastKnownFileType = sourcecode.swift; path = main.swift; sourceTree = "<group>"; };
		55B3F33C23F44B9B00E84136 /* day2 */ = {isa = PBXFileReference; explicitFileType = "compiled.mach-o.executable"; includeInIndex = 0; path = day2; sourceTree = BUILT_PRODUCTS_DIR; };
		55B3F33E23F44B9B00E84136 /* main.swift */ = {isa = PBXFileReference; lastKnownFileType = sourcecode.swift; path = main.swift; sourceTree = "<group>"; };
		55B3F34723F4639E00E84136 /* day3 */ = {isa = PBXFileReference; explicitFileType = "compiled.mach-o.executable"; includeInIndex = 0; path = day3; sourceTree = BUILT_PRODUCTS_DIR; };
		55B3F34923F4639E00E84136 /* main.swift */ = {isa = PBXFileReference; lastKnownFileType = sourcecode.swift; path = main.swift; sourceTree = "<group>"; };
		55B3F35323F6949500E84136 /* day4 */ = {isa = PBXFileReference; explicitFileType = "compiled.mach-o.executable"; includeInIndex = 0; path = day4; sourceTree = BUILT_PRODUCTS_DIR; };
		55B3F35523F6949500E84136 /* main.swift */ = {isa = PBXFileReference; lastKnownFileType = sourcecode.swift; path = main.swift; sourceTree = "<group>"; };
		55B3F35E23F8411B00E84136 /* day5 */ = {isa = PBXFileReference; explicitFileType = "compiled.mach-o.executable"; includeInIndex = 0; path = day5; sourceTree = BUILT_PRODUCTS_DIR; };
		55B3F36023F8411B00E84136 /* main.swift */ = {isa = PBXFileReference; lastKnownFileType = sourcecode.swift; path = main.swift; sourceTree = "<group>"; };
		55B3F36923F9925C00E84136 /* day6 */ = {isa = PBXFileReference; explicitFileType = "compiled.mach-o.executable"; includeInIndex = 0; path = day6; sourceTree = BUILT_PRODUCTS_DIR; };
		55B3F36B23F9925C00E84136 /* main.swift */ = {isa = PBXFileReference; lastKnownFileType = sourcecode.swift; path = main.swift; sourceTree = "<group>"; };
/* End PBXFileReference section */

/* Begin PBXFrameworksBuildPhase section */
		55B3F2DD23F301B900E84136 /* Frameworks */ = {
			isa = PBXFrameworksBuildPhase;
			buildActionMask = 2147483647;
			files = (
			);
			runOnlyForDeploymentPostprocessing = 0;
		};
		55B3F33923F44B9B00E84136 /* Frameworks */ = {
			isa = PBXFrameworksBuildPhase;
			buildActionMask = 2147483647;
			files = (
			);
			runOnlyForDeploymentPostprocessing = 0;
		};
		55B3F34423F4639E00E84136 /* Frameworks */ = {
			isa = PBXFrameworksBuildPhase;
			buildActionMask = 2147483647;
			files = (
			);
			runOnlyForDeploymentPostprocessing = 0;
		};
		55B3F35023F6949500E84136 /* Frameworks */ = {
			isa = PBXFrameworksBuildPhase;
			buildActionMask = 2147483647;
			files = (
			);
			runOnlyForDeploymentPostprocessing = 0;
		};
		55B3F35B23F8411B00E84136 /* Frameworks */ = {
			isa = PBXFrameworksBuildPhase;
			buildActionMask = 2147483647;
			files = (
			);
			runOnlyForDeploymentPostprocessing = 0;
		};
		55B3F36623F9925C00E84136 /* Frameworks */ = {
			isa = PBXFrameworksBuildPhase;
			buildActionMask = 2147483647;
			files = (
			);
			runOnlyForDeploymentPostprocessing = 0;
		};
/* End PBXFrameworksBuildPhase section */

/* Begin PBXGroup section */
		55B3F2D723F301B900E84136 = {
			isa = PBXGroup;
			children = (
				55B3F2E223F301B900E84136 /* lee */,
				55B3F33D23F44B9B00E84136 /* day2 */,
				55B3F34823F4639E00E84136 /* day3 */,
				55B3F35423F6949500E84136 /* day4 */,
				55B3F35F23F8411B00E84136 /* day5 */,
				55B3F36A23F9925C00E84136 /* day6 */,
				55B3F2E123F301B900E84136 /* Products */,
			);
			sourceTree = "<group>";
		};
		55B3F2E123F301B900E84136 /* Products */ = {
			isa = PBXGroup;
			children = (
				55B3F2E023F301B900E84136 /* lee */,
				55B3F33C23F44B9B00E84136 /* day2 */,
				55B3F34723F4639E00E84136 /* day3 */,
				55B3F35323F6949500E84136 /* day4 */,
				55B3F35E23F8411B00E84136 /* day5 */,
				55B3F36923F9925C00E84136 /* day6 */,
			);
			name = Products;
			sourceTree = "<group>";
		};
		55B3F2E223F301B900E84136 /* lee */ = {
			isa = PBXGroup;
			children = (
				55B3F2E323F301B900E84136 /* main.swift */,
			);
			path = lee;
			sourceTree = "<group>";
		};
		55B3F33D23F44B9B00E84136 /* day2 */ = {
			isa = PBXGroup;
			children = (
				55B3F33E23F44B9B00E84136 /* main.swift */,
			);
			path = day2;
			sourceTree = "<group>";
		};
		55B3F34823F4639E00E84136 /* day3 */ = {
			isa = PBXGroup;
			children = (
				55B3F34923F4639E00E84136 /* main.swift */,
			);
			path = day3;
			sourceTree = "<group>";
		};
		55B3F35423F6949500E84136 /* day4 */ = {
			isa = PBXGroup;
			children = (
				55B3F35523F6949500E84136 /* main.swift */,
			);
			path = day4;
			sourceTree = "<group>";
		};
		55B3F35F23F8411B00E84136 /* day5 */ = {
			isa = PBXGroup;
			children = (
				55B3F36023F8411B00E84136 /* main.swift */,
			);
			path = day5;
			sourceTree = "<group>";
		};
		55B3F36A23F9925C00E84136 /* day6 */ = {
			isa = PBXGroup;
			children = (
				55B3F36B23F9925C00E84136 /* main.swift */,
			);
			path = day6;
			sourceTree = "<group>";
		};
/* End PBXGroup section */

/* Begin PBXNativeTarget section */
		55B3F2DF23F301B900E84136 /* lee */ = {
			isa = PBXNativeTarget;
			buildConfigurationList = 55B3F2E723F301B900E84136 /* Build configuration list for PBXNativeTarget "lee" */;
			buildPhases = (
				55B3F2DC23F301B900E84136 /* Sources */,
				55B3F2DD23F301B900E84136 /* Frameworks */,
				55B3F2DE23F301B900E84136 /* CopyFiles */,
			);
			buildRules = (
			);
			dependencies = (
			);
			name = lee;
			productName = lee;
			productReference = 55B3F2E023F301B900E84136 /* lee */;
			productType = "com.apple.product-type.tool";
		};
		55B3F33B23F44B9B00E84136 /* day2 */ = {
			isa = PBXNativeTarget;
			buildConfigurationList = 55B3F34023F44B9B00E84136 /* Build configuration list for PBXNativeTarget "day2" */;
			buildPhases = (
				55B3F33823F44B9B00E84136 /* Sources */,
				55B3F33923F44B9B00E84136 /* Frameworks */,
				55B3F33A23F44B9B00E84136 /* CopyFiles */,
			);
			buildRules = (
			);
			dependencies = (
			);
			name = day2;
			productName = day2;
			productReference = 55B3F33C23F44B9B00E84136 /* day2 */;
			productType = "com.apple.product-type.tool";
		};
		55B3F34623F4639E00E84136 /* day3 */ = {
			isa = PBXNativeTarget;
			buildConfigurationList = 55B3F34D23F4639E00E84136 /* Build configuration list for PBXNativeTarget "day3" */;
			buildPhases = (
				55B3F34323F4639E00E84136 /* Sources */,
				55B3F34423F4639E00E84136 /* Frameworks */,
				55B3F34523F4639E00E84136 /* CopyFiles */,
			);
			buildRules = (
			);
			dependencies = (
			);
			name = day3;
			productName = day3;
			productReference = 55B3F34723F4639E00E84136 /* day3 */;
			productType = "com.apple.product-type.tool";
		};
		55B3F35223F6949500E84136 /* day4 */ = {
			isa = PBXNativeTarget;
			buildConfigurationList = 55B3F35923F6949500E84136 /* Build configuration list for PBXNativeTarget "day4" */;
			buildPhases = (
				55B3F34F23F6949500E84136 /* Sources */,
				55B3F35023F6949500E84136 /* Frameworks */,
				55B3F35123F6949500E84136 /* CopyFiles */,
			);
			buildRules = (
			);
			dependencies = (
			);
			name = day4;
			productName = day4;
			productReference = 55B3F35323F6949500E84136 /* day4 */;
			productType = "com.apple.product-type.tool";
		};
		55B3F35D23F8411B00E84136 /* day5 */ = {
			isa = PBXNativeTarget;
			buildConfigurationList = 55B3F36223F8411B00E84136 /* Build configuration list for PBXNativeTarget "day5" */;
			buildPhases = (
				55B3F35A23F8411B00E84136 /* Sources */,
				55B3F35B23F8411B00E84136 /* Frameworks */,
				55B3F35C23F8411B00E84136 /* CopyFiles */,
			);
			buildRules = (
			);
			dependencies = (
			);
			name = day5;
			productName = day5;
			productReference = 55B3F35E23F8411B00E84136 /* day5 */;
			productType = "com.apple.product-type.tool";
		};
		55B3F36823F9925C00E84136 /* day6 */ = {
			isa = PBXNativeTarget;
			buildConfigurationList = 55B3F36D23F9925C00E84136 /* Build configuration list for PBXNativeTarget "day6" */;
			buildPhases = (
				55B3F36523F9925C00E84136 /* Sources */,
				55B3F36623F9925C00E84136 /* Frameworks */,
				55B3F36723F9925C00E84136 /* CopyFiles */,
			);
			buildRules = (
			);
			dependencies = (
			);
			name = day6;
			productName = day6;
			productReference = 55B3F36923F9925C00E84136 /* day6 */;
			productType = "com.apple.product-type.tool";
		};
/* End PBXNativeTarget section */

/* Begin PBXProject section */
		55B3F2D823F301B900E84136 /* Project object */ = {
			isa = PBXProject;
			attributes = {
				LastSwiftUpdateCheck = 1120;
				LastUpgradeCheck = 1120;
				ORGANIZATIONNAME = Shelby;
				TargetAttributes = {
					55B3F2DF23F301B900E84136 = {
						CreatedOnToolsVersion = 11.2.1;
					};
					55B3F33B23F44B9B00E84136 = {
						CreatedOnToolsVersion = 11.2.1;
					};
					55B3F34623F4639E00E84136 = {
						CreatedOnToolsVersion = 11.2.1;
					};
					55B3F35223F6949500E84136 = {
						CreatedOnToolsVersion = 11.2.1;
					};
					55B3F35D23F8411B00E84136 = {
						CreatedOnToolsVersion = 11.2.1;
					};
					55B3F36823F9925C00E84136 = {
						CreatedOnToolsVersion = 11.2.1;
					};
				};
			};
			buildConfigurationList = 55B3F2DB23F301B900E84136 /* Build configuration list for PBXProject "lee" */;
			compatibilityVersion = "Xcode 9.3";
			developmentRegion = en;
			hasScannedForEncodings = 0;
			knownRegions = (
				en,
				Base,
			);
			mainGroup = 55B3F2D723F301B900E84136;
			productRefGroup = 55B3F2E123F301B900E84136 /* Products */;
			projectDirPath = "";
			projectRoot = "";
			targets = (
				55B3F2DF23F301B900E84136 /* lee */,
				55B3F33B23F44B9B00E84136 /* day2 */,
				55B3F34623F4639E00E84136 /* day3 */,
				55B3F35223F6949500E84136 /* day4 */,
				55B3F35D23F8411B00E84136 /* day5 */,
				55B3F36823F9925C00E84136 /* day6 */,
			);
		};
/* End PBXProject section */

/* Begin PBXSourcesBuildPhase section */
		55B3F2DC23F301B900E84136 /* Sources */ = {
			isa = PBXSourcesBuildPhase;
			buildActionMask = 2147483647;
			files = (
				55B3F2E423F301B900E84136 /* main.swift in Sources */,
			);
			runOnlyForDeploymentPostprocessing = 0;
		};
		55B3F33823F44B9B00E84136 /* Sources */ = {
			isa = PBXSourcesBuildPhase;
			buildActionMask = 2147483647;
			files = (
				55B3F33F23F44B9B00E84136 /* main.swift in Sources */,
			);
			runOnlyForDeploymentPostprocessing = 0;
		};
		55B3F34323F4639E00E84136 /* Sources */ = {
			isa = PBXSourcesBuildPhase;
			buildActionMask = 2147483647;
			files = (
				55B3F34A23F4639E00E84136 /* main.swift in Sources */,
			);
			runOnlyForDeploymentPostprocessing = 0;
		};
		55B3F34F23F6949500E84136 /* Sources */ = {
			isa = PBXSourcesBuildPhase;
			buildActionMask = 2147483647;
			files = (
				55B3F35623F6949500E84136 /* main.swift in Sources */,
			);
			runOnlyForDeploymentPostprocessing = 0;
		};
		55B3F35A23F8411B00E84136 /* Sources */ = {
			isa = PBXSourcesBuildPhase;
			buildActionMask = 2147483647;
			files = (
				55B3F36123F8411B00E84136 /* main.swift in Sources */,
			);
			runOnlyForDeploymentPostprocessing = 0;
		};
		55B3F36523F9925C00E84136 /* Sources */ = {
			isa = PBXSourcesBuildPhase;
			buildActionMask = 2147483647;
			files = (
				55B3F36C23F9925C00E84136 /* main.swift in Sources */,
			);
			runOnlyForDeploymentPostprocessing = 0;
		};
/* End PBXSourcesBuildPhase section */

/* Begin XCBuildConfiguration section */
		55B3F2E523F301B900E84136 /* Debug */ = {
			isa = XCBuildConfiguration;
			buildSettings = {
				ALWAYS_SEARCH_USER_PATHS = NO;
				CLANG_ANALYZER_NONNULL = YES;
				CLANG_ANALYZER_NUMBER_OBJECT_CONVERSION = YES_AGGRESSIVE;
				CLANG_CXX_LANGUAGE_STANDARD = "gnu++14";
				CLANG_CXX_LIBRARY = "libc++";
				CLANG_ENABLE_MODULES = YES;
				CLANG_ENABLE_OBJC_ARC = YES;
				CLANG_ENABLE_OBJC_WEAK = YES;
				CLANG_WARN_BLOCK_CAPTURE_AUTORELEASING = YES;
				CLANG_WARN_BOOL_CONVERSION = YES;
				CLANG_WARN_COMMA = YES;
				CLANG_WARN_CONSTANT_CONVERSION = YES;
				CLANG_WARN_DEPRECATED_OBJC_IMPLEMENTATIONS = YES;
				CLANG_WARN_DIRECT_OBJC_ISA_USAGE = YES_ERROR;
				CLANG_WARN_DOCUMENTATION_COMMENTS = YES;
				CLANG_WARN_EMPTY_BODY = YES;
				CLANG_WARN_ENUM_CONVERSION = YES;
				CLANG_WARN_INFINITE_RECURSION = YES;
				CLANG_WARN_INT_CONVERSION = YES;
				CLANG_WARN_NON_LITERAL_NULL_CONVERSION = YES;
				CLANG_WARN_OBJC_IMPLICIT_RETAIN_SELF = YES;
				CLANG_WARN_OBJC_LITERAL_CONVERSION = YES;
				CLANG_WARN_OBJC_ROOT_CLASS = YES_ERROR;
				CLANG_WARN_RANGE_LOOP_ANALYSIS = YES;
				CLANG_WARN_STRICT_PROTOTYPES = YES;
				CLANG_WARN_SUSPICIOUS_MOVE = YES;
				CLANG_WARN_UNGUARDED_AVAILABILITY = YES_AGGRESSIVE;
				CLANG_WARN_UNREACHABLE_CODE = YES;
				CLANG_WARN__DUPLICATE_METHOD_MATCH = YES;
				COPY_PHASE_STRIP = NO;
				DEBUG_INFORMATION_FORMAT = dwarf;
				ENABLE_STRICT_OBJC_MSGSEND = YES;
				ENABLE_TESTABILITY = YES;
				GCC_C_LANGUAGE_STANDARD = gnu11;
				GCC_DYNAMIC_NO_PIC = NO;
				GCC_NO_COMMON_BLOCKS = YES;
				GCC_OPTIMIZATION_LEVEL = 0;
				GCC_PREPROCESSOR_DEFINITIONS = (
					"DEBUG=1",
					"$(inherited)",
				);
				GCC_WARN_64_TO_32_BIT_CONVERSION = YES;
				GCC_WARN_ABOUT_RETURN_TYPE = YES_ERROR;
				GCC_WARN_UNDECLARED_SELECTOR = YES;
				GCC_WARN_UNINITIALIZED_AUTOS = YES_AGGRESSIVE;
				GCC_WARN_UNUSED_FUNCTION = YES;
				GCC_WARN_UNUSED_VARIABLE = YES;
				MACOSX_DEPLOYMENT_TARGET = 10.15;
				MTL_ENABLE_DEBUG_INFO = INCLUDE_SOURCE;
				MTL_FAST_MATH = YES;
				ONLY_ACTIVE_ARCH = YES;
				SDKROOT = macosx;
				SWIFT_ACTIVE_COMPILATION_CONDITIONS = DEBUG;
				SWIFT_OPTIMIZATION_LEVEL = "-Onone";
			};
			name = Debug;
		};
		55B3F2E623F301B900E84136 /* Release */ = {
			isa = XCBuildConfiguration;
			buildSettings = {
				ALWAYS_SEARCH_USER_PATHS = NO;
				CLANG_ANALYZER_NONNULL = YES;
				CLANG_ANALYZER_NUMBER_OBJECT_CONVERSION = YES_AGGRESSIVE;
				CLANG_CXX_LANGUAGE_STANDARD = "gnu++14";
				CLANG_CXX_LIBRARY = "libc++";
				CLANG_ENABLE_MODULES = YES;
				CLANG_ENABLE_OBJC_ARC = YES;
				CLANG_ENABLE_OBJC_WEAK = YES;
				CLANG_WARN_BLOCK_CAPTURE_AUTORELEASING = YES;
				CLANG_WARN_BOOL_CONVERSION = YES;
				CLANG_WARN_COMMA = YES;
				CLANG_WARN_CONSTANT_CONVERSION = YES;
				CLANG_WARN_DEPRECATED_OBJC_IMPLEMENTATIONS = YES;
				CLANG_WARN_DIRECT_OBJC_ISA_USAGE = YES_ERROR;
				CLANG_WARN_DOCUMENTATION_COMMENTS = YES;
				CLANG_WARN_EMPTY_BODY = YES;
				CLANG_WARN_ENUM_CONVERSION = YES;
				CLANG_WARN_INFINITE_RECURSION = YES;
				CLANG_WARN_INT_CONVERSION = YES;
				CLANG_WARN_NON_LITERAL_NULL_CONVERSION = YES;
				CLANG_WARN_OBJC_IMPLICIT_RETAIN_SELF = YES;
				CLANG_WARN_OBJC_LITERAL_CONVERSION = YES;
				CLANG_WARN_OBJC_ROOT_CLASS = YES_ERROR;
				CLANG_WARN_RANGE_LOOP_ANALYSIS = YES;
				CLANG_WARN_STRICT_PROTOTYPES = YES;
				CLANG_WARN_SUSPICIOUS_MOVE = YES;
				CLANG_WARN_UNGUARDED_AVAILABILITY = YES_AGGRESSIVE;
				CLANG_WARN_UNREACHABLE_CODE = YES;
				CLANG_WARN__DUPLICATE_METHOD_MATCH = YES;
				COPY_PHASE_STRIP = NO;
				DEBUG_INFORMATION_FORMAT = "dwarf-with-dsym";
				ENABLE_NS_ASSERTIONS = NO;
				ENABLE_STRICT_OBJC_MSGSEND = YES;
				GCC_C_LANGUAGE_STANDARD = gnu11;
				GCC_NO_COMMON_BLOCKS = YES;
				GCC_WARN_64_TO_32_BIT_CONVERSION = YES;
				GCC_WARN_ABOUT_RETURN_TYPE = YES_ERROR;
				GCC_WARN_UNDECLARED_SELECTOR = YES;
				GCC_WARN_UNINITIALIZED_AUTOS = YES_AGGRESSIVE;
				GCC_WARN_UNUSED_FUNCTION = YES;
				GCC_WARN_UNUSED_VARIABLE = YES;
				MACOSX_DEPLOYMENT_TARGET = 10.15;
				MTL_ENABLE_DEBUG_INFO = NO;
				MTL_FAST_MATH = YES;
				SDKROOT = macosx;
				SWIFT_COMPILATION_MODE = wholemodule;
				SWIFT_OPTIMIZATION_LEVEL = "-O";
			};
			name = Release;
		};
		55B3F2E823F301B900E84136 /* Debug */ = {
			isa = XCBuildConfiguration;
			buildSettings = {
				CODE_SIGN_STYLE = Automatic;
				DEVELOPMENT_TEAM = 2UJJ7DGALV;
				ENABLE_HARDENED_RUNTIME = YES;
				PRODUCT_NAME = "$(TARGET_NAME)";
				SWIFT_VERSION = 5.0;
			};
			name = Debug;
		};
		55B3F2E923F301B900E84136 /* Release */ = {
			isa = XCBuildConfiguration;
			buildSettings = {
				CODE_SIGN_STYLE = Automatic;
				DEVELOPMENT_TEAM = 2UJJ7DGALV;
				ENABLE_HARDENED_RUNTIME = YES;
				PRODUCT_NAME = "$(TARGET_NAME)";
				SWIFT_VERSION = 5.0;
			};
			name = Release;
		};
		55B3F34123F44B9B00E84136 /* Debug */ = {
			isa = XCBuildConfiguration;
			buildSettings = {
				CODE_SIGN_STYLE = Automatic;
				DEVELOPMENT_TEAM = 2UJJ7DGALV;
				ENABLE_HARDENED_RUNTIME = YES;
				PRODUCT_NAME = "$(TARGET_NAME)";
				SWIFT_VERSION = 5.0;
			};
			name = Debug;
		};
		55B3F34223F44B9B00E84136 /* Release */ = {
			isa = XCBuildConfiguration;
			buildSettings = {
				CODE_SIGN_STYLE = Automatic;
				DEVELOPMENT_TEAM = 2UJJ7DGALV;
				ENABLE_HARDENED_RUNTIME = YES;
				PRODUCT_NAME = "$(TARGET_NAME)";
				SWIFT_VERSION = 5.0;
			};
			name = Release;
		};
		55B3F34B23F4639E00E84136 /* Debug */ = {
			isa = XCBuildConfiguration;
			buildSettings = {
				CODE_SIGN_STYLE = Automatic;
				DEVELOPMENT_TEAM = 2UJJ7DGALV;
				ENABLE_HARDENED_RUNTIME = YES;
				PRODUCT_NAME = "$(TARGET_NAME)";
				SWIFT_VERSION = 5.0;
			};
			name = Debug;
		};
		55B3F34C23F4639E00E84136 /* Release */ = {
			isa = XCBuildConfiguration;
			buildSettings = {
				CODE_SIGN_STYLE = Automatic;
				DEVELOPMENT_TEAM = 2UJJ7DGALV;
				ENABLE_HARDENED_RUNTIME = YES;
				PRODUCT_NAME = "$(TARGET_NAME)";
				SWIFT_VERSION = 5.0;
			};
			name = Release;
		};
		55B3F35723F6949500E84136 /* Debug */ = {
			isa = XCBuildConfiguration;
			buildSettings = {
				CODE_SIGN_STYLE = Automatic;
				DEVELOPMENT_TEAM = 2UJJ7DGALV;
				ENABLE_HARDENED_RUNTIME = YES;
				PRODUCT_NAME = "$(TARGET_NAME)";
				SWIFT_VERSION = 5.0;
			};
			name = Debug;
		};
		55B3F35823F6949500E84136 /* Release */ = {
			isa = XCBuildConfiguration;
			buildSettings = {
				CODE_SIGN_STYLE = Automatic;
				DEVELOPMENT_TEAM = 2UJJ7DGALV;
				ENABLE_HARDENED_RUNTIME = YES;
				PRODUCT_NAME = "$(TARGET_NAME)";
				SWIFT_VERSION = 5.0;
			};
			name = Release;
		};
		55B3F36323F8411B00E84136 /* Debug */ = {
			isa = XCBuildConfiguration;
			buildSettings = {
				CODE_SIGN_STYLE = Automatic;
				DEVELOPMENT_TEAM = 2UJJ7DGALV;
				ENABLE_HARDENED_RUNTIME = YES;
				PRODUCT_NAME = "$(TARGET_NAME)";
				SWIFT_VERSION = 5.0;
			};
			name = Debug;
		};
		55B3F36423F8411B00E84136 /* Release */ = {
			isa = XCBuildConfiguration;
			buildSettings = {
				CODE_SIGN_STYLE = Automatic;
				DEVELOPMENT_TEAM = 2UJJ7DGALV;
				ENABLE_HARDENED_RUNTIME = YES;
				PRODUCT_NAME = "$(TARGET_NAME)";
				SWIFT_VERSION = 5.0;
			};
			name = Release;
		};
		55B3F36E23F9925C00E84136 /* Debug */ = {
			isa = XCBuildConfiguration;
			buildSettings = {
				CODE_SIGN_STYLE = Automatic;
				DEVELOPMENT_TEAM = 2UJJ7DGALV;
				ENABLE_HARDENED_RUNTIME = YES;
				PRODUCT_NAME = "$(TARGET_NAME)";
				SWIFT_VERSION = 5.0;
			};
			name = Debug;
		};
		55B3F36F23F9925C00E84136 /* Release */ = {
			isa = XCBuildConfiguration;
			buildSettings = {
				CODE_SIGN_STYLE = Automatic;
				DEVELOPMENT_TEAM = 2UJJ7DGALV;
				ENABLE_HARDENED_RUNTIME = YES;
				PRODUCT_NAME = "$(TARGET_NAME)";
				SWIFT_VERSION = 5.0;
			};
			name = Release;
		};
/* End XCBuildConfiguration section */

/* Begin XCConfigurationList section */
		55B3F2DB23F301B900E84136 /* Build configuration list for PBXProject "lee" */ = {
			isa = XCConfigurationList;
			buildConfigurations = (
				55B3F2E523F301B900E84136 /* Debug */,
				55B3F2E623F301B900E84136 /* Release */,
			);
			defaultConfigurationIsVisible = 0;
			defaultConfigurationName = Release;
		};
		55B3F2E723F301B900E84136 /* Build configuration list for PBXNativeTarget "lee" */ = {
			isa = XCConfigurationList;
			buildConfigurations = (
				55B3F2E823F301B900E84136 /* Debug */,
				55B3F2E923F301B900E84136 /* Release */,
			);
			defaultConfigurationIsVisible = 0;
			defaultConfigurationName = Release;
		};
		55B3F34023F44B9B00E84136 /* Build configuration list for PBXNativeTarget "day2" */ = {
			isa = XCConfigurationList;
			buildConfigurations = (
				55B3F34123F44B9B00E84136 /* Debug */,
				55B3F34223F44B9B00E84136 /* Release */,
			);
			defaultConfigurationIsVisible = 0;
			defaultConfigurationName = Release;
		};
		55B3F34D23F4639E00E84136 /* Build configuration list for PBXNativeTarget "day3" */ = {
			isa = XCConfigurationList;
			buildConfigurations = (
				55B3F34B23F4639E00E84136 /* Debug */,
				55B3F34C23F4639E00E84136 /* Release */,
			);
			defaultConfigurationIsVisible = 0;
			defaultConfigurationName = Release;
		};
		55B3F35923F6949500E84136 /* Build configuration list for PBXNativeTarget "day4" */ = {
			isa = XCConfigurationList;
			buildConfigurations = (
				55B3F35723F6949500E84136 /* Debug */,
				55B3F35823F6949500E84136 /* Release */,
			);
			defaultConfigurationIsVisible = 0;
			defaultConfigurationName = Release;
		};
		55B3F36223F8411B00E84136 /* Build configuration list for PBXNativeTarget "day5" */ = {
			isa = XCConfigurationList;
			buildConfigurations = (
				55B3F36323F8411B00E84136 /* Debug */,
				55B3F36423F8411B00E84136 /* Release */,
			);
			defaultConfigurationIsVisible = 0;
			defaultConfigurationName = Release;
		};
		55B3F36D23F9925C00E84136 /* Build configuration list for PBXNativeTarget "day6" */ = {
			isa = XCConfigurationList;
			buildConfigurations = (
				55B3F36E23F9925C00E84136 /* Debug */,
				55B3F36F23F9925C00E84136 /* Release */,
			);
			defaultConfigurationIsVisible = 0;
			defaultConfigurationName = Release;
		};
/* End XCConfigurationList section */
	};
	rootObject = 55B3F2D823F301B900E84136 /* Project object */;
}
